{
  "name": "node-debug",
  "version": "1.4.0",
  "dependencies": {
    "source-map": {
      "version": "0.5.6",
      "from": "source-map@>=0.5.3 <0.6.0",
      "resolved": "https://registry.npmjs.org/source-map/-/source-map-0.5.6.tgz"
    },
    "vscode-debugadapter": {
      "version": "1.11.0-pre.3",
      "from": "vscode-debugadapter@>=1.11.0-pre.3 <2.0.0",
      "resolved": "https://registry.npmjs.org/vscode-debugadapter/-/vscode-debugadapter-1.11.0-pre.3.tgz"
    },
    "vscode-debugprotocol": {
      "version": "1.11.0-pre.5",
      "from": "vscode-debugprotocol@>=1.11.0-pre.5 <2.0.0",
      "resolved": "https://registry.npmjs.org/vscode-debugprotocol/-/vscode-debugprotocol-1.11.0-pre.5.tgz"
    },
    "vscode-nls": {
      "version": "1.0.7",
      "from": "vscode-nls@>=1.0.4 <2.0.0",
      "resolved": "https://registry.npmjs.org/vscode-nls/-/vscode-nls-1.0.7.tgz"
    }
  }
}
